{
  "name": "unoemon",
  "version": "1.0.1",
  "lockfileVersion": 1,
  "requires": true,
  "dependencies": {
    "blakejs": {
      "version": "1.1.0",
      "resolved": "https://registry.npmjs.org/blakejs/-/blakejs-1.1.0.tgz",
      "integrity": "sha1-ad+S75U6qIylGjLfarHFShVfx6U="
    },
    "btoa": {
      "version": "1.2.1",
      "resolved": "https://registry.npmjs.org/btoa/-/btoa-1.2.1.tgz",
      "integrity": "sha512-SB4/MIGlsiVkMcHmT+pSmIPoNDoHg+7cMzmt3Uxt628MTz2487DKSqK/fuhFBrkuqrYv5UCEnACpF4dTFNKc/g=="
    },
    "minimist": {
      "version": "0.0.8",
      "resolved": "https://registry.npmjs.org/minimist/-/minimist-0.0.8.tgz",
      "integrity": "sha1-hX/Kv8M5fSYluCKCYuhqp6ARsF0="
    },
    "mkdirp": {
      "version": "0.5.1",
      "resolved": "https://registry.npmjs.org/mkdirp/-/mkdirp-0.5.1.tgz",
      "integrity": "sha1-MAV0OOrGz3+MR2fzhkjWaX11yQM=",
      "requires": {
        "minimist": "0.0.8"
      }
    },
    "nan": {
      "version": "2.14.0",
      "resolved": "https://registry.npmjs.org/nan/-/nan-2.14.0.tgz",
      "integrity": "sha512-INOFj37C7k3AfaNTtX8RhsTw7qRy7eLET14cROi9+5HAVbbHuIWUHEauBv5qT4Av2tWasiTY1Jw6puUNqRJXQg=="
    },
    "node-webcrypto-ossl": {
      "version": "1.0.48",
      "resolved": "https://registry.npmjs.org/node-webcrypto-ossl/-/node-webcrypto-ossl-1.0.48.tgz",
      "integrity": "sha512-MWUkQ/5wrs7lpAr+fhsLMfjdxKGd3dQFVqWbNMkyYyCMRW8E7ScailqtCZYDLTnJtU6B+91rXxCJNyZvbYaSOg==",
      "requires": {
        "mkdirp": "^0.5.1",
        "nan": "^2.13.2",
        "tslib": "^1.9.3",
        "webcrypto-core": "^0.1.26"
      }
    },
    "tslib": {
      "version": "1.11.1",
      "resolved": "https://registry.npmjs.org/tslib/-/tslib-1.11.1.tgz",
      "integrity": "sha512-aZW88SY8kQbU7gpV19lN24LtXh/yD4ZZg6qieAJDDg+YBsJcSmLGK9QpnUjAKVG/xefmvJGd1WUmfpT/g6AJGA=="
    },
    "tweetnacl": {
      "version": "1.0.3",
      "resolved": "https://registry.npmjs.org/tweetnacl/-/tweetnacl-1.0.3.tgz",
      "integrity": "sha512-6rt+RN7aOi1nGMyC4Xa5DdYiukl2UWCbcJft7YhxReBGQD7OAM8Pbxw6YMo4r2diNEA8FEmu32YOn9rhaiE5yw=="
    },
    "tweetnacl-sealedbox-js": {
      "version": "1.2.0",
      "resolved": "https://registry.npmjs.org/tweetnacl-sealedbox-js/-/tweetnacl-sealedbox-js-1.2.0.tgz",
      "integrity": "sha512-QoCr8K2hwri+ky7SUa22oSre8g88XaWi0hwwWd16pJMuDyn5gL/UyE0PyR2EOFEMJ70T2trJ9+Sv+Qa18olEmQ==",
      "requires": {
        "blakejs": "^1.1.0",
        "tweetnacl": "^1.0.1"
      }
    },
    "webcrypto-core": {
      "version": "0.1.26",
      "resolved": "https://registry.npmjs.org/webcrypto-core/-/webcrypto-core-0.1.26.tgz",
      "integrity": "sha512-BZVgJZkkHyuz8loKvsaOKiBDXDpmMZf5xG4QAOlSeYdXlFUl9c1FRrVnAXcOdb4fTHMG+TRu81odJwwSfKnWTA==",
      "requires": {
        "tslib": "^1.7.1"
      }
    }
  }
}
